
Microsoft Visual Studio Solution File, Format Version 12.00
# Visual Studio Version 17
VisualStudioVersion = 17.5.002.0
MinimumVisualStudioVersion = 10.0.40219.1
Project("{2150E333-8FDC-42A3-9474-1A3956D46DE8}") = "__tests__", "__tests__", "{37266A55-C45F-4060-8193-42F4BD46BA56}"
EndProject
Project("{9A19103F-16F7-4668-BE54-9A1E7A4F7556}") = "DOTNET_8_APP", "__tests__\dotnetsampleapp\DOTNET_8_APP.csproj", "{DF0F280F-C48C-4773-98C3-835278D0D80A}"
EndProject
Global
	GlobalSection(SolutionConfigurationPlatforms) = preSolution
		Debug|Any CPU = Debug|Any CPU
		Release|Any CPU = Release|Any CPU
	EndGlobalSection
	GlobalSection(ProjectConfigurationPlatforms) = postSolution
		{DF0F280F-C48C-4773-98C3-835278D0D80A}.Debug|Any CPU.ActiveCfg = Debug|Any CPU
		{DF0F280F-C48C-4773-98C3-835278D0D80A}.Debug|Any CPU.Build.0 = Debug|Any CPU
		{DF0F280F-C48C-4773-98C3-835278D0D80A}.Release|Any CPU.ActiveCfg = Release|Any CPU
		{DF0F280F-C48C-4773-98C3-835278D0D80A}.Release|Any CPU.Build.0 = Release|Any CPU
	EndGlobalSection
	GlobalSection(SolutionProperties) = preSolution
		HideSolutionNode = FALSE
	EndGlobalSection
	GlobalSection(NestedProjects) = preSolution
		{DF0F280F-C48C-4773-98C3-835278D0D80A} = {37266A55-C45F-4060-8193-42F4BD46BA56}
	EndGlobalSection
	GlobalSection(ExtensibilityGlobals) = postSolution
		SolutionGuid = {B2670886-B4C0-4D6B-9497-2C0982262E5E}
	EndGlobalSection
EndGlobal
